
Microsoft Visual Studio Solution File, Format Version 12.00
# Visual Studio Version 16
VisualStudioVersion = 16.0.31025.194
MinimumVisualStudioVersion = 10.0.40219.1
Project("{FAE04EC0-301F-11D3-BF4B-00C04F79EFBC}") = "Overseer", "Overseer\Overseer.csproj", "{BEBBF920-A2E0-4B86-AECA-CE49F283DEF2}"
EndProject
Global
	GlobalSection(SolutionConfigurationPlatforms) = preSolution
		Debug|Any CPU = Debug|Any CPU
		Release|Any CPU = Release|Any CPU
	EndGlobalSection
	GlobalSection(ProjectConfigurationPlatforms) = postSolution
		{BEBBF920-A2E0-4B86-AECA-CE49F283DEF2}.Debug|Any CPU.ActiveCfg = Debug|Any CPU
		{BEBBF920-A2E0-4B86-AECA-CE49F283DEF2}.Debug|Any CPU.Build.0 = Debug|Any CPU
		{BEBBF920-A2E0-4B86-AECA-CE49F283DEF2}.Release|Any CPU.ActiveCfg = Release|Any CPU
		{BEBBF920-A2E0-4B86-AECA-CE49F283DEF2}.Release|Any CPU.Build.0 = Release|Any CPU
	EndGlobalSection
	GlobalSection(SolutionProperties) = preSolution
		HideSolutionNode = FALSE
	EndGlobalSection
	GlobalSection(ExtensibilityGlobals) = postSolution
		SolutionGuid = {3238A302-71C6-4FFA-ADD6-12EC2E3DCADD}
	EndGlobalSection
EndGlobal
